
Microsoft Visual Studio Solution File, Format Version 12.00
# Visual Studio Version 17
VisualStudioVersion = 17.2.32519.379
MinimumVisualStudioVersion = 10.0.40219.1
Project("{FAE04EC0-301F-11D3-BF4B-00C04F79EFBC}") = "Lumber", "Lumber\Lumber.csproj", "{A554F6FE-37D0-4F25-95A1-86C894FEEDDB}"
EndProject
Global
	GlobalSection(SolutionConfigurationPlatforms) = preSolution
		Debug|Any CPU = Debug|Any CPU
		Release|Any CPU = Release|Any CPU
	EndGlobalSection
	GlobalSection(ProjectConfigurationPlatforms) = postSolution
		{A554F6FE-37D0-4F25-95A1-86C894FEEDDB}.Debug|Any CPU.ActiveCfg = Debug|Any CPU
		{A554F6FE-37D0-4F25-95A1-86C894FEEDDB}.Debug|Any CPU.Build.0 = Debug|Any CPU
		{A554F6FE-37D0-4F25-95A1-86C894FEEDDB}.Release|Any CPU.ActiveCfg = Release|Any CPU
		{A554F6FE-37D0-4F25-95A1-86C894FEEDDB}.Release|Any CPU.Build.0 = Release|Any CPU
	EndGlobalSection
	GlobalSection(SolutionProperties) = preSolution
		HideSolutionNode = FALSE
	EndGlobalSection
	GlobalSection(ExtensibilityGlobals) = postSolution
		SolutionGuid = {9354D720-C274-4684-9AAE-3B37E5FC7207}
	EndGlobalSection
EndGlobal
